# This file is generated by running "yarn install" inside your project.
# Manual changes might be lost - proceed with caution!

__metadata:
  version: 5
  cacheKey: 8

"@types/html-minifier-terser@npm:^6.0.0":
  version: 6.0.0
  resolution: "@types/html-minifier-terser@npm:6.0.0"
  checksum: 8f602498d726c9fd30d2b895478b4e7cb1f91558d892e44f54533669dbbbfae572c5fb2b04ee4fa5cbe7f8d59982d2067bf5c2931a3aefcf8dac590e4494b103
  languageName: node
  linkType: hard

"ansi-regex@npm:^5.0.1":
  version: 5.0.1
  resolution: "ansi-regex@npm:5.0.1"
  checksum: 2aa4bb54caf2d622f1afdad09441695af2a83aa3fe8b8afa581d205e57ed4261c183c4d3877cee25794443fde5876417d859c108078ab788d6af7e4fe52eb66b
  languageName: node
  linkType: hard

"boolbase@npm:^1.0.0":
  version: 1.0.0
  resolution: "boolbase@npm:1.0.0"
  checksum: 3e25c80ef626c3a3487c73dbfc70ac322ec830666c9ad915d11b701142fab25ec1e63eff2c450c74347acfd2de854ccde865cd79ef4db1683f7c7b046ea43bb0
  languageName: node
  linkType: hard

"buffer-from@npm:^1.0.0":
  version: 1.1.2
  resolution: "buffer-from@npm:1.1.2"
  checksum: 0448524a562b37d4d7ed9efd91685a5b77a50672c556ea254ac9a6d30e3403a517d8981f10e565db24e8339413b43c97ca2951f10e399c6125a0d8911f5679bb
  languageName: node
  linkType: hard

"camel-case@npm:^4.1.2":
  version: 4.1.2
  resolution: "camel-case@npm:4.1.2"
  dependencies:
    pascal-case: ^3.1.2
    tslib: ^2.0.3
  checksum: bcbd25cd253b3cbc69be3f535750137dbf2beb70f093bdc575f73f800acc8443d34fd52ab8f0a2413c34f1e8203139ffc88428d8863e4dfe530cfb257a379ad6
  languageName: node
  linkType: hard

"clean-css@npm:^5.1.5":
  version: 5.2.2
  resolution: "clean-css@npm:5.2.2"
  dependencies:
    source-map: ~0.6.0
  checksum: 10855820829b8b6ea94e462313fdc177b297aca5c7870a969591549d6a766824f912b5e58773bd345b2a7effae863ab492258b5a77a40029fba6d11d861cbee3
  languageName: node
  linkType: hard

"commander@npm:^2.20.0":
  version: 2.20.3
  resolution: "commander@npm:2.20.3"
  checksum: ab8c07884e42c3a8dbc5dd9592c606176c7eb5c1ca5ff274bcf907039b2c41de3626f684ea75ccf4d361ba004bbaff1f577d5384c155f3871e456bdf27becf9e
  languageName: node
  linkType: hard

"commander@npm:^8.1.0":
  version: 8.3.0
  resolution: "commander@npm:8.3.0"
  checksum: 0f82321821fc27b83bd409510bb9deeebcfa799ff0bf5d102128b500b7af22872c0c92cb6a0ebc5a4cf19c6b550fba9cedfa7329d18c6442a625f851377bacf0
  languageName: node
  linkType: hard

"css-select@npm:^4.1.3":
  version: 4.1.3
  resolution: "css-select@npm:4.1.3"
  dependencies:
    boolbase: ^1.0.0
    css-what: ^5.0.0
    domhandler: ^4.2.0
    domutils: ^2.6.0
    nth-check: ^2.0.0
  checksum: 40928f1aa6c71faf36430e7f26bcbb8ab51d07b98b754caacb71906400a195df5e6c7020a94f2982f02e52027b9bd57c99419220cf7020968c3415f14e4be5f8
  languageName: node
  linkType: hard

"css-what@npm:^5.0.0":
  version: 5.1.0
  resolution: "css-what@npm:5.1.0"
  checksum: 0b75d1bac95c885c168573c85744a6c6843d8c33345f54f717218b37ea6296b0e99bb12105930ea170fd4a921990392a7c790c16c585c1d8960c49e2b7ec39f7
  languageName: node
  linkType: hard

"dom-converter@npm:^0.2.0":
  version: 0.2.0
  resolution: "dom-converter@npm:0.2.0"
  dependencies:
    utila: ~0.4
  checksum: ea52fe303f5392e48dea563abef0e6fb3a478b8dbe3c599e99bb5d53981c6c38fc4944e56bb92a8ead6bb989d10b7914722ae11febbd2fd0910e33b9fc4aaa77
  languageName: node
  linkType: hard

"dom-serializer@npm:^1.0.1":
  version: 1.3.2
  resolution: "dom-serializer@npm:1.3.2"
  dependencies:
    domelementtype: ^2.0.1
    domhandler: ^4.2.0
    entities: ^2.0.0
  checksum: bff48714944d67b160db71ba244fb0f3fe72e77ef2ec8414e2eeb56f2d926e404a13456b8b83a5392e217ba47dec2ec0c368801b31481813e94d185276c3e964
  languageName: node
  linkType: hard

"domelementtype@npm:^2.0.1, domelementtype@npm:^2.2.0":
  version: 2.2.0
  resolution: "domelementtype@npm:2.2.0"
  checksum: 24cb386198640cd58aa36f8c987f2ea61859929106d06ffcc8f547e70cb2ed82a6dc56dcb8252b21fba1f1ea07df6e4356d60bfe57f77114ca1aed6828362629
  languageName: node
  linkType: hard

"domhandler@npm:^4.0.0, domhandler@npm:^4.2.0":
  version: 4.2.2
  resolution: "domhandler@npm:4.2.2"
  dependencies:
    domelementtype: ^2.2.0
  checksum: ad782fef984eca5a6fdd4ce70b90c38aff335ae4d6a51223ac82bd371b6674614efdcfff2dbb1126a7395634357906781f179e4ec028c7c578bb7f2beef8a4a5
  languageName: node
  linkType: hard

"domutils@npm:^2.5.2, domutils@npm:^2.6.0":
  version: 2.8.0
  resolution: "domutils@npm:2.8.0"
  dependencies:
    dom-serializer: ^1.0.1
    domelementtype: ^2.2.0
    domhandler: ^4.2.0
  checksum: abf7434315283e9aadc2a24bac0e00eab07ae4313b40cc239f89d84d7315ebdfd2fb1b5bf750a96bc1b4403d7237c7b2ebf60459be394d625ead4ca89b934391
  languageName: node
  linkType: hard

"dot-case@npm:^3.0.4":
  version: 3.0.4
  resolution: "dot-case@npm:3.0.4"
  dependencies:
    no-case: ^3.0.4
    tslib: ^2.0.3
  checksum: a65e3519414856df0228b9f645332f974f2bf5433370f544a681122eab59e66038fc3349b4be1cdc47152779dac71a5864f1ccda2f745e767c46e9c6543b1169
  languageName: node
  linkType: hard

"entities@npm:^2.0.0":
  version: 2.2.0
  resolution: "entities@npm:2.2.0"
  checksum: 19010dacaf0912c895ea262b4f6128574f9ccf8d4b3b65c7e8334ad0079b3706376360e28d8843ff50a78aabcb8f08f0a32dbfacdc77e47ed77ca08b713669b3
  languageName: node
  linkType: hard

"he@npm:^1.2.0":
  version: 1.2.0
  resolution: "he@npm:1.2.0"
  bin:
    he: bin/he
  checksum: 3d4d6babccccd79c5c5a3f929a68af33360d6445587d628087f39a965079d84f18ce9c3d3f917ee1e3978916fc833bb8b29377c3b403f919426f91bc6965e7a7
  languageName: node
  linkType: hard

"html-minifier-terser@npm:^6.0.2":
  version: 6.0.2
  resolution: "html-minifier-terser@npm:6.0.2"
  dependencies:
    camel-case: ^4.1.2
    clean-css: ^5.1.5
    commander: ^8.1.0
    he: ^1.2.0
    param-case: ^3.0.4
    relateurl: ^0.2.7
    terser: ^5.7.2
  bin:
    html-minifier-terser: cli.js
  checksum: 9c8775ea036f7b04fd5a16607cf4242efdddc64884e84fcc81e27ef56505a12b8a9e1f9ac865ca00a77a3e4c21ef4ffb194dcc6492cdf6cfdfc73bf8de6d7c2d
  languageName: node
  linkType: hard

"html-webpack-plugin@npm:^5.5.0":
  version: 5.5.0
  resolution: "html-webpack-plugin@npm:5.5.0"
  dependencies:
    "@types/html-minifier-terser": ^6.0.0
    html-minifier-terser: ^6.0.2
    lodash: ^4.17.21
    pretty-error: ^4.0.0
    tapable: ^2.0.0
  peerDependencies:
    webpack: ^5.20.0
  checksum: f3d84d0df71fe2f5bac533cc74dce41ab058558cdcc6ff767d166a2abf1cf6fb8491d54d60ddbb34e95c00394e379ba52e0468e0284d1d0cc6a42987056e8219
  languageName: node
  linkType: hard

"htmlparser2@npm:^6.1.0":
  version: 6.1.0
  resolution: "htmlparser2@npm:6.1.0"
  dependencies:
    domelementtype: ^2.0.1
    domhandler: ^4.0.0
    domutils: ^2.5.2
    entities: ^2.0.0
  checksum: 81a7b3d9c3bb9acb568a02fc9b1b81ffbfa55eae7f1c41ae0bf840006d1dbf54cb3aa245b2553e2c94db674840a9f0fdad7027c9a9d01a062065314039058c4e
  languageName: node
  linkType: hard

"lodash@npm:4.17.20":
  version: 4.17.20
  resolution: "lodash@npm:4.17.20"
  checksum: b31afa09739b7292a88ec49ffdb2fcaeb41f690def010f7a067eeedffece32da6b6847bfe4d38a77e6f41778b9b2bca75eeab91209936518173271f0b69376ea
  languageName: node
  linkType: hard

"lodash@npm:^4.17.20, lodash@npm:^4.17.21":
  version: 4.17.21
  resolution: "lodash@npm:4.17.21"
  checksum: eb835a2e51d381e561e508ce932ea50a8e5a68f4ebdd771ea240d3048244a8d13658acbd502cd4829768c56f2e16bdd4340b9ea141297d472517b83868e677f7
  languageName: node
  linkType: hard

"lower-case@npm:^2.0.2":
  version: 2.0.2
  resolution: "lower-case@npm:2.0.2"
  dependencies:
    tslib: ^2.0.3
  checksum: 83a0a5f159ad7614bee8bf976b96275f3954335a84fad2696927f609ddae902802c4f3312d86668722e668bef41400254807e1d3a7f2e8c3eede79691aa1f010
  languageName: node
  linkType: hard

"no-case@npm:^3.0.4":
  version: 3.0.4
  resolution: "no-case@npm:3.0.4"
  dependencies:
    lower-case: ^2.0.2
    tslib: ^2.0.3
  checksum: 0b2ebc113dfcf737d48dde49cfebf3ad2d82a8c3188e7100c6f375e30eafbef9e9124aadc3becef237b042fd5eb0aad2fd78669c20972d045bbe7fea8ba0be5c
  languageName: node
  linkType: hard

"nth-check@npm:^2.0.0":
  version: 2.0.1
  resolution: "nth-check@npm:2.0.1"
  dependencies:
    boolbase: ^1.0.0
  checksum: 5386d035c48438ff304fe687704d93886397349d1bed136de97aeae464caba10e8ffac55a04b215b86b3bc8897f33e0a5aa1045a9d8b2f251ae61b2a3ad3e450
  languageName: node
  linkType: hard

"param-case@npm:^3.0.4":
  version: 3.0.4
  resolution: "param-case@npm:3.0.4"
  dependencies:
    dot-case: ^3.0.4
    tslib: ^2.0.3
  checksum: b34227fd0f794e078776eb3aa6247442056cb47761e9cd2c4c881c86d84c64205f6a56ef0d70b41ee7d77da02c3f4ed2f88e3896a8fefe08bdfb4deca037c687
  languageName: node
  linkType: hard

"pascal-case@npm:^3.1.2":
  version: 3.1.2
  resolution: "pascal-case@npm:3.1.2"
  dependencies:
    no-case: ^3.0.4
    tslib: ^2.0.3
  checksum: ba98bfd595fc91ef3d30f4243b1aee2f6ec41c53b4546bfa3039487c367abaa182471dcfc830a1f9e1a0df00c14a370514fa2b3a1aacc68b15a460c31116873e
  languageName: node
  linkType: hard

"pretty-error@npm:^4.0.0":
  version: 4.0.0
  resolution: "pretty-error@npm:4.0.0"
  dependencies:
    lodash: ^4.17.20
    renderkid: ^3.0.0
  checksum: a5b9137365690104ded6947dca2e33360bf55e62a4acd91b1b0d7baa3970e43754c628cc9e16eafbdd4e8f8bcb260a5865475d4fc17c3106ff2d61db4e72cdf3
  languageName: node
  linkType: hard

"relateurl@npm:^0.2.7":
  version: 0.2.7
  resolution: "relateurl@npm:0.2.7"
  checksum: 5891e792eae1dfc3da91c6fda76d6c3de0333a60aa5ad848982ebb6dccaa06e86385fb1235a1582c680a3d445d31be01c6bfc0804ebbcab5aaf53fa856fde6b6
  languageName: node
  linkType: hard

"renderkid@npm:^3.0.0":
  version: 3.0.0
  resolution: "renderkid@npm:3.0.0"
  dependencies:
    css-select: ^4.1.3
    dom-converter: ^0.2.0
    htmlparser2: ^6.1.0
    lodash: ^4.17.21
    strip-ansi: ^6.0.1
  checksum: 77162b62d6f33ab81f337c39efce0439ff0d1f6d441e29c35183151f83041c7850774fb904da163d6c844264d440d10557714e6daa0b19e4561a5cd4ef305d41
  languageName: node
  linkType: hard

"source-map-support@npm:~0.5.20":
  version: 0.5.20
  resolution: "source-map-support@npm:0.5.20"
  dependencies:
    buffer-from: ^1.0.0
    source-map: ^0.6.0
  checksum: 43946aff452011960d16154304b11011e0185549493e65dd90da045959409fb2d266ba1c854fff3d5949f8e59382e3fcc7f7c5fa66136007a6750ad06c6c0baa
  languageName: node
  linkType: hard

"source-map@npm:^0.6.0, source-map@npm:~0.6.0":
  version: 0.6.1
  resolution: "source-map@npm:0.6.1"
  checksum: 59ce8640cf3f3124f64ac289012c2b8bd377c238e316fb323ea22fbfe83da07d81e000071d7242cad7a23cd91c7de98e4df8830ec3f133cb6133a5f6e9f67bc2
  languageName: node
  linkType: hard

"source-map@npm:~0.7.2":
  version: 0.7.3
  resolution: "source-map@npm:0.7.3"
  checksum: cd24efb3b8fa69b64bf28e3c1b1a500de77e84260c5b7f2b873f88284df17974157cc88d386ee9b6d081f08fdd8242f3fc05c953685a6ad81aad94c7393dedea
  languageName: node
  linkType: hard

"strip-ansi@npm:^6.0.1":
  version: 6.0.1
  resolution: "strip-ansi@npm:6.0.1"
  dependencies:
    ansi-regex: ^5.0.1
  checksum: f3cd25890aef3ba6e1a74e20896c21a46f482e93df4a06567cebf2b57edabb15133f1f94e57434e0a958d61186087b1008e89c94875d019910a213181a14fc8c
  languageName: node
  linkType: hard

"tapable@npm:^2.0.0":
  version: 2.2.1
  resolution: "tapable@npm:2.2.1"
  checksum: 3b7a1b4d86fa940aad46d9e73d1e8739335efd4c48322cb37d073eb6f80f5281889bf0320c6d8ffcfa1a0dd5bfdbd0f9d037e252ef972aca595330538aac4d51
  languageName: node
  linkType: hard

"terser@npm:^5.7.2":
  version: 5.10.0
  resolution: "terser@npm:5.10.0"
  dependencies:
    commander: ^2.20.0
    source-map: ~0.7.2
    source-map-support: ~0.5.20
  peerDependencies:
    acorn: ^8.5.0
  peerDependenciesMeta:
    acorn:
      optional: true
  bin:
    terser: bin/terser
  checksum: 1080faeb6d5cd155bb39d9cc41d20a590eafc9869560d5285f255f6858604dcd135311e344188a106f87fedb12d096ad3799cfc2e65acd470b85d468b1c7bd4c
  languageName: node
  linkType: hard

"tslib@npm:^2.0.3":
  version: 2.3.1
  resolution: "tslib@npm:2.3.1"
  checksum: de17a98d4614481f7fcb5cd53ffc1aaf8654313be0291e1bfaee4b4bb31a20494b7d218ff2e15017883e8ea9626599b3b0e0229c18383ba9dce89da2adf15cb9
  languageName: node
  linkType: hard

"utila@npm:~0.4":
  version: 0.4.0
  resolution: "utila@npm:0.4.0"
  checksum: 97ffd3bd2bb80c773429d3fb8396469115cd190dded1e733f190d8b602bd0a1bcd6216b7ce3c4395ee3c79e3c879c19d268dbaae3093564cb169ad1212d436f4
  languageName: node
  linkType: hard

"yarn-npm-audit-bug@workspace:.":
  version: 0.0.0-use.local
  resolution: "yarn-npm-audit-bug@workspace:."
  dependencies:
    html-webpack-plugin: ^5.5.0
    lodash: 4.17.20
  languageName: unknown
  linkType: soft
